
Microsoft Visual Studio Solution File, Format Version 12.00
# Visual Studio Version 17
VisualStudioVersion = 17.14.36202.13 d17.14
MinimumVisualStudioVersion = 10.0.40219.1
Project("{FAE04EC0-301F-11D3-BF4B-00C04F79EFBC}") = "LAB12_FINAL", "LAB12_FINAL.csproj", "{56D45B9C-A4A0-435B-8F8D-52737A820DF8}"
EndProject
Global
	GlobalSection(SolutionConfigurationPlatforms) = preSolution
		Debug|Any CPU = Debug|Any CPU
		Release|Any CPU = Release|Any CPU
	EndGlobalSection
	GlobalSection(ProjectConfigurationPlatforms) = postSolution
		{56D45B9C-A4A0-435B-8F8D-52737A820DF8}.Debug|Any CPU.ActiveCfg = Debug|Any CPU
		{56D45B9C-A4A0-435B-8F8D-52737A820DF8}.Debug|Any CPU.Build.0 = Debug|Any CPU
		{56D45B9C-A4A0-435B-8F8D-52737A820DF8}.Release|Any CPU.ActiveCfg = Release|Any CPU
		{56D45B9C-A4A0-435B-8F8D-52737A820DF8}.Release|Any CPU.Build.0 = Release|Any CPU
	EndGlobalSection
	GlobalSection(SolutionProperties) = preSolution
		HideSolutionNode = FALSE
	EndGlobalSection
	GlobalSection(ExtensibilityGlobals) = postSolution
		SolutionGuid = {DD4E02BA-2C07-455D-8871-A18E26317A46}
	EndGlobalSection
EndGlobal
